
Microsoft Visual Studio Solution File, Format Version 12.00
# Visual Studio Version 16
VisualStudioVersion = 16.0.29326.143
MinimumVisualStudioVersion = 10.0.40219.1
Project("{9A19103F-16F7-4668-BE54-9A1E7A4F7556}") = "BookingSite", "BookingSite\BookingSite.csproj", "{90783708-239D-4644-82C2-B771D3439C41}"
	ProjectSection(ProjectDependencies) = postProject
		{B2802690-89EE-454C-AAC1-D496C50E5424} = {B2802690-89EE-454C-AAC1-D496C50E5424}
	EndProjectSection
EndProject
Project("{9A19103F-16F7-4668-BE54-9A1E7A4F7556}") = "BookingShared", "BookingShared\BookingShared.csproj", "{B2802690-89EE-454C-AAC1-D496C50E5424}"
EndProject
Project("{9A19103F-16F7-4668-BE54-9A1E7A4F7556}") = "BookingDAL", "BookingDAL\BookingDAL.csproj", "{FF91B27A-26C1-4434-A530-A71242A9CD05}"
EndProject
Project("{FAE04EC0-301F-11D3-BF4B-00C04F79EFBC}") = "BookingBLL", "BookingBLL\BookingBLL.csproj", "{2EE7A352-88C3-4AE2-9F19-48DC15D1285D}"
	ProjectSection(ProjectDependencies) = postProject
		{FF91B27A-26C1-4434-A530-A71242A9CD05} = {FF91B27A-26C1-4434-A530-A71242A9CD05}
	EndProjectSection
EndProject
Global
	GlobalSection(SolutionConfigurationPlatforms) = preSolution
		Debug|Any CPU = Debug|Any CPU
		Release|Any CPU = Release|Any CPU
	EndGlobalSection
	GlobalSection(ProjectConfigurationPlatforms) = postSolution
		{90783708-239D-4644-82C2-B771D3439C41}.Debug|Any CPU.ActiveCfg = Debug|Any CPU
		{90783708-239D-4644-82C2-B771D3439C41}.Debug|Any CPU.Build.0 = Debug|Any CPU
		{90783708-239D-4644-82C2-B771D3439C41}.Release|Any CPU.ActiveCfg = Release|Any CPU
		{90783708-239D-4644-82C2-B771D3439C41}.Release|Any CPU.Build.0 = Release|Any CPU
		{B2802690-89EE-454C-AAC1-D496C50E5424}.Debug|Any CPU.ActiveCfg = Debug|Any CPU
		{B2802690-89EE-454C-AAC1-D496C50E5424}.Debug|Any CPU.Build.0 = Debug|Any CPU
		{B2802690-89EE-454C-AAC1-D496C50E5424}.Release|Any CPU.ActiveCfg = Release|Any CPU
		{B2802690-89EE-454C-AAC1-D496C50E5424}.Release|Any CPU.Build.0 = Release|Any CPU
		{FF91B27A-26C1-4434-A530-A71242A9CD05}.Debug|Any CPU.ActiveCfg = Debug|Any CPU
		{FF91B27A-26C1-4434-A530-A71242A9CD05}.Debug|Any CPU.Build.0 = Debug|Any CPU
		{FF91B27A-26C1-4434-A530-A71242A9CD05}.Release|Any CPU.ActiveCfg = Release|Any CPU
		{FF91B27A-26C1-4434-A530-A71242A9CD05}.Release|Any CPU.Build.0 = Release|Any CPU
		{2EE7A352-88C3-4AE2-9F19-48DC15D1285D}.Debug|Any CPU.ActiveCfg = Debug|Any CPU
		{2EE7A352-88C3-4AE2-9F19-48DC15D1285D}.Debug|Any CPU.Build.0 = Debug|Any CPU
		{2EE7A352-88C3-4AE2-9F19-48DC15D1285D}.Release|Any CPU.ActiveCfg = Release|Any CPU
		{2EE7A352-88C3-4AE2-9F19-48DC15D1285D}.Release|Any CPU.Build.0 = Release|Any CPU
	EndGlobalSection
	GlobalSection(SolutionProperties) = preSolution
		HideSolutionNode = FALSE
	EndGlobalSection
	GlobalSection(ExtensibilityGlobals) = postSolution
		SolutionGuid = {135AAAE3-7A2D-4608-A5C6-54501C59A93F}
	EndGlobalSection
EndGlobal
